// !$*UTF8*$!
{
	archiveVersion = 1;
	classes = {
	};
	objectVersion = 50;
	objects = {

/* Begin PBXBuildFile section */
		BE49F1A02461F07C00D3661F /* AppDelegate.swift in Sources */ = {isa = PBXBuildFile; fileRef = BE49F19F2461F07C00D3661F /* AppDelegate.swift */; };
		BE49F1A22461F07C00D3661F /* SceneDelegate.swift in Sources */ = {isa = PBXBuildFile; fileRef = BE49F1A12461F07C00D3661F /* SceneDelegate.swift */; };
		BE49F1A42461F07C00D3661F /* ViewController.swift in Sources */ = {isa = PBXBuildFile; fileRef = BE49F1A32461F07C00D3661F /* ViewController.swift */; };
		BE49F1A72461F07C00D3661F /* Main.storyboard in Resources */ = {isa = PBXBuildFile; fileRef = BE49F1A52461F07C00D3661F /* Main.storyboard */; };
		BE49F1A92461F07E00D3661F /* Assets.xcassets in Resources */ = {isa = PBXBuildFile; fileRef = BE49F1A82461F07E00D3661F /* Assets.xcassets */; };
		BE49F1AC2461F07E00D3661F /* LaunchScreen.storyboard in Resources */ = {isa = PBXBuildFile; fileRef = BE49F1AA2461F07E00D3661F /* LaunchScreen.storyboard */; };
		BEF6A1602461F810006F2A64 /* karaoke.js in Resources */ = {isa = PBXBuildFile; fileRef = BEF6A15F2461F810006F2A64 /* karaoke.js */; };
		BEF6A1622461FB4C006F2A64 /* karaoke.css in Resources */ = {isa = PBXBuildFile; fileRef = BEF6A1612461FB4C006F2A64 /* karaoke.css */; };
/* End PBXBuildFile section */

/* Begin PBXFileReference section */
		BE49F19C2461F07C00D3661F /* KaraokeBrowser.app */ = {isa = PBXFileReference; explicitFileType = wrapper.application; includeInIndex = 0; path = KaraokeBrowser.app; sourceTree = BUILT_PRODUCTS_DIR; };
		BE49F19F2461F07C00D3661F /* AppDelegate.swift */ = {isa = PBXFileReference; lastKnownFileType = sourcecode.swift; path = AppDelegate.swift; sourceTree = "<group>"; };
		BE49F1A12461F07C00D3661F /* SceneDelegate.swift */ = {isa = PBXFileReference; lastKnownFileType = sourcecode.swift; path = SceneDelegate.swift; sourceTree = "<group>"; };
		BE49F1A32461F07C00D3661F /* ViewController.swift */ = {isa = PBXFileReference; lastKnownFileType = sourcecode.swift; path = ViewController.swift; sourceTree = "<group>"; };
		BE49F1A62461F07C00D3661F /* Base */ = {isa = PBXFileReference; lastKnownFileType = file.storyboard; name = Base; path = Base.lproj/Main.storyboard; sourceTree = "<group>"; };
		BE49F1A82461F07E00D3661F /* Assets.xcassets */ = {isa = PBXFileReference; lastKnownFileType = folder.assetcatalog; path = Assets.xcassets; sourceTree = "<group>"; };
		BE49F1AB2461F07E00D3661F /* Base */ = {isa = PBXFileReference; lastKnownFileType = file.storyboard; name = Base; path = Base.lproj/LaunchScreen.storyboard; sourceTree = "<group>"; };
		BE49F1AD2461F07E00D3661F /* Info.plist */ = {isa = PBXFileReference; lastKnownFileType = text.plist.xml; path = Info.plist; sourceTree = "<group>"; };
		BEF6A15F2461F810006F2A64 /* karaoke.js */ = {isa = PBXFileReference; lastKnownFileType = sourcecode.javascript; path = karaoke.js; sourceTree = "<group>"; };
		BEF6A1612461FB4C006F2A64 /* karaoke.css */ = {isa = PBXFileReference; lastKnownFileType = text.css; path = karaoke.css; sourceTree = "<group>"; };
/* End PBXFileReference section */

/* Begin PBXFrameworksBuildPhase section */
		BE49F1992461F07C00D3661F /* Frameworks */ = {
			isa = PBXFrameworksBuildPhase;
			buildActionMask = 2147483647;
			files = (
			);
			runOnlyForDeploymentPostprocessing = 0;
		};
/* End PBXFrameworksBuildPhase section */

/* Begin PBXGroup section */
		BE49F1932461F07C00D3661F = {
			isa = PBXGroup;
			children = (
				BE49F19E2461F07C00D3661F /* KaraokeBrowser */,
				BE49F19D2461F07C00D3661F /* Products */,
			);
			sourceTree = "<group>";
		};
		BE49F19D2461F07C00D3661F /* Products */ = {
			isa = PBXGroup;
			children = (
				BE49F19C2461F07C00D3661F /* KaraokeBrowser.app */,
			);
			name = Products;
			sourceTree = "<group>";
		};
		BE49F19E2461F07C00D3661F /* KaraokeBrowser */ = {
			isa = PBXGroup;
			children = (
				BE49F19F2461F07C00D3661F /* AppDelegate.swift */,
				BE49F1A12461F07C00D3661F /* SceneDelegate.swift */,
				BEF6A15F2461F810006F2A64 /* karaoke.js */,
				BEF6A1612461FB4C006F2A64 /* karaoke.css */,
				BE49F1A32461F07C00D3661F /* ViewController.swift */,
				BE49F1A52461F07C00D3661F /* Main.storyboard */,
				BE49F1A82461F07E00D3661F /* Assets.xcassets */,
				BE49F1AA2461F07E00D3661F /* LaunchScreen.storyboard */,
				BE49F1AD2461F07E00D3661F /* Info.plist */,
			);
			path = KaraokeBrowser;
			sourceTree = "<group>";
		};
/* End PBXGroup section */

/* Begin PBXNativeTarget section */
		BE49F19B2461F07C00D3661F /* KaraokeBrowser */ = {
			isa = PBXNativeTarget;
			buildConfigurationList = BE49F1B02461F07E00D3661F /* Build configuration list for PBXNativeTarget "KaraokeBrowser" */;
			buildPhases = (
				BE49F1982461F07C00D3661F /* Sources */,
				BE49F1992461F07C00D3661F /* Frameworks */,
				BE49F19A2461F07C00D3661F /* Resources */,
			);
			buildRules = (
			);
			dependencies = (
			);
			name = KaraokeBrowser;
			productName = KaraokeBrowser;
			productReference = BE49F19C2461F07C00D3661F /* KaraokeBrowser.app */;
			productType = "com.apple.product-type.application";
		};
/* End PBXNativeTarget section */

/* Begin PBXProject section */
		BE49F1942461F07C00D3661F /* Project object */ = {
			isa = PBXProject;
			attributes = {
				LastSwiftUpdateCheck = 1140;
				LastUpgradeCheck = 1140;
				ORGANIZATIONNAME = com.wcl;
				TargetAttributes = {
					BE49F19B2461F07C00D3661F = {
						CreatedOnToolsVersion = 11.4.1;
					};
				};
			};
			buildConfigurationList = BE49F1972461F07C00D3661F /* Build configuration list for PBXProject "KaraokeBrowser" */;
			compatibilityVersion = "Xcode 9.3";
			developmentRegion = en;
			hasScannedForEncodings = 0;
			knownRegions = (
				en,
				Base,
			);
			mainGroup = BE49F1932461F07C00D3661F;
			productRefGroup = BE49F19D2461F07C00D3661F /* Products */;
			projectDirPath = "";
			projectRoot = "";
			targets = (
				BE49F19B2461F07C00D3661F /* KaraokeBrowser */,
			);
		};
/* End PBXProject section */

/* Begin PBXResourcesBuildPhase section */
		BE49F19A2461F07C00D3661F /* Resources */ = {
			isa = PBXResourcesBuildPhase;
			buildActionMask = 2147483647;
			files = (
				BEF6A1622461FB4C006F2A64 /* karaoke.css in Resources */,
				BE49F1AC2461F07E00D3661F /* LaunchScreen.storyboard in Resources */,
				BE49F1A92461F07E00D3661F /* Assets.xcassets in Resources */,
				BE49F1A72461F07C00D3661F /* Main.storyboard in Resources */,
				BEF6A1602461F810006F2A64 /* karaoke.js in Resources */,
			);
			runOnlyForDeploymentPostprocessing = 0;
		};
/* End PBXResourcesBuildPhase section */

/* Begin PBXSourcesBuildPhase section */
		BE49F1982461F07C00D3661F /* Sources */ = {
			isa = PBXSourcesBuildPhase;
			buildActionMask = 2147483647;
			files = (
				BE49F1A42461F07C00D3661F /* ViewController.swift in Sources */,
				BE49F1A02461F07C00D3661F /* AppDelegate.swift in Sources */,
				BE49F1A22461F07C00D3661F /* SceneDelegate.swift in Sources */,
			);
			runOnlyForDeploymentPostprocessing = 0;
		};
/* End PBXSourcesBuildPhase section */

/* Begin PBXVariantGroup section */
		BE49F1A52461F07C00D3661F /* Main.storyboard */ = {
			isa = PBXVariantGroup;
			children = (
				BE49F1A62461F07C00D3661F /* Base */,
			);
			name = Main.storyboard;
			sourceTree = "<group>";
		};
		BE49F1AA2461F07E00D3661F /* LaunchScreen.storyboard */ = {
			isa = PBXVariantGroup;
			children = (
				BE49F1AB2461F07E00D3661F /* Base */,
			);
			name = LaunchScreen.storyboard;
			sourceTree = "<group>";
		};
/* End PBXVariantGroup section */

/* Begin XCBuildConfiguration section */
		BE49F1AE2461F07E00D3661F /* Debug */ = {
			isa = XCBuildConfiguration;
			buildSettings = {
				ALWAYS_SEARCH_USER_PATHS = NO;
				CLANG_ANALYZER_NONNULL = YES;
				CLANG_ANALYZER_NUMBER_OBJECT_CONVERSION = YES_AGGRESSIVE;
				CLANG_CXX_LANGUAGE_STANDARD = "gnu++14";
				CLANG_CXX_LIBRARY = "libc++";
				CLANG_ENABLE_MODULES = YES;
				CLANG_ENABLE_OBJC_ARC = YES;
				CLANG_ENABLE_OBJC_WEAK = YES;
				CLANG_WARN_BLOCK_CAPTURE_AUTORELEASING = YES;
				CLANG_WARN_BOOL_CONVERSION = YES;
				CLANG_WARN_COMMA = YES;
				CLANG_WARN_CONSTANT_CONVERSION = YES;
				CLANG_WARN_DEPRECATED_OBJC_IMPLEMENTATIONS = YES;
				CLANG_WARN_DIRECT_OBJC_ISA_USAGE = YES_ERROR;
				CLANG_WARN_DOCUMENTATION_COMMENTS = YES;
				CLANG_WARN_EMPTY_BODY = YES;
				CLANG_WARN_ENUM_CONVERSION = YES;
				CLANG_WARN_INFINITE_RECURSION = YES;
				CLANG_WARN_INT_CONVERSION = YES;
				CLANG_WARN_NON_LITERAL_NULL_CONVERSION = YES;
				CLANG_WARN_OBJC_IMPLICIT_RETAIN_SELF = YES;
				CLANG_WARN_OBJC_LITERAL_CONVERSION = YES;
				CLANG_WARN_OBJC_ROOT_CLASS = YES_ERROR;
				CLANG_WARN_RANGE_LOOP_ANALYSIS = YES;
				CLANG_WARN_STRICT_PROTOTYPES = YES;
				CLANG_WARN_SUSPICIOUS_MOVE = YES;
				CLANG_WARN_UNGUARDED_AVAILABILITY = YES_AGGRESSIVE;
				CLANG_WARN_UNREACHABLE_CODE = YES;
				CLANG_WARN__DUPLICATE_METHOD_MATCH = YES;
				COPY_PHASE_STRIP = NO;
				DEBUG_INFORMATION_FORMAT = dwarf;
				ENABLE_STRICT_OBJC_MSGSEND = YES;
				ENABLE_TESTABILITY = YES;
				GCC_C_LANGUAGE_STANDARD = gnu11;
				GCC_DYNAMIC_NO_PIC = NO;
				GCC_NO_COMMON_BLOCKS = YES;
				GCC_OPTIMIZATION_LEVEL = 0;
				GCC_PREPROCESSOR_DEFINITIONS = (
					"DEBUG=1",
					"$(inherited)",
				);
				GCC_WARN_64_TO_32_BIT_CONVERSION = YES;
				GCC_WARN_ABOUT_RETURN_TYPE = YES_ERROR;
				GCC_WARN_UNDECLARED_SELECTOR = YES;
				GCC_WARN_UNINITIALIZED_AUTOS = YES_AGGRESSIVE;
				GCC_WARN_UNUSED_FUNCTION = YES;
				GCC_WARN_UNUSED_VARIABLE = YES;
				IPHONEOS_DEPLOYMENT_TARGET = 13.4;
				MTL_ENABLE_DEBUG_INFO = INCLUDE_SOURCE;
				MTL_FAST_MATH = YES;
				ONLY_ACTIVE_ARCH = YES;
				SDKROOT = iphoneos;
				SWIFT_ACTIVE_COMPILATION_CONDITIONS = DEBUG;
				SWIFT_OPTIMIZATION_LEVEL = "-Onone";
			};
			name = Debug;
		};
		BE49F1AF2461F07E00D3661F /* Release */ = {
			isa = XCBuildConfiguration;
			buildSettings = {
				ALWAYS_SEARCH_USER_PATHS = NO;
				CLANG_ANALYZER_NONNULL = YES;
				CLANG_ANALYZER_NUMBER_OBJECT_CONVERSION = YES_AGGRESSIVE;
				CLANG_CXX_LANGUAGE_STANDARD = "gnu++14";
				CLANG_CXX_LIBRARY = "libc++";
				CLANG_ENABLE_MODULES = YES;
				CLANG_ENABLE_OBJC_ARC = YES;
				CLANG_ENABLE_OBJC_WEAK = YES;
				CLANG_WARN_BLOCK_CAPTURE_AUTORELEASING = YES;
				CLANG_WARN_BOOL_CONVERSION = YES;
				CLANG_WARN_COMMA = YES;
				CLANG_WARN_CONSTANT_CONVERSION = YES;
				CLANG_WARN_DEPRECATED_OBJC_IMPLEMENTATIONS = YES;
				CLANG_WARN_DIRECT_OBJC_ISA_USAGE = YES_ERROR;
				CLANG_WARN_DOCUMENTATION_COMMENTS = YES;
				CLANG_WARN_EMPTY_BODY = YES;
				CLANG_WARN_ENUM_CONVERSION = YES;
				CLANG_WARN_INFINITE_RECURSION = YES;
				CLANG_WARN_INT_CONVERSION = YES;
				CLANG_WARN_NON_LITERAL_NULL_CONVERSION = YES;
				CLANG_WARN_OBJC_IMPLICIT_RETAIN_SELF = YES;
				CLANG_WARN_OBJC_LITERAL_CONVERSION = YES;
				CLANG_WARN_OBJC_ROOT_CLASS = YES_ERROR;
				CLANG_WARN_RANGE_LOOP_ANALYSIS = YES;
				CLANG_WARN_STRICT_PROTOTYPES = YES;
				CLANG_WARN_SUSPICIOUS_MOVE = YES;
				CLANG_WARN_UNGUARDED_AVAILABILITY = YES_AGGRESSIVE;
				CLANG_WARN_UNREACHABLE_CODE = YES;
				CLANG_WARN__DUPLICATE_METHOD_MATCH = YES;
				COPY_PHASE_STRIP = NO;
				DEBUG_INFORMATION_FORMAT = "dwarf-with-dsym";
				ENABLE_NS_ASSERTIONS = NO;
				ENABLE_STRICT_OBJC_MSGSEND = YES;
				GCC_C_LANGUAGE_STANDARD = gnu11;
				GCC_NO_COMMON_BLOCKS = YES;
				GCC_WARN_64_TO_32_BIT_CONVERSION = YES;
				GCC_WARN_ABOUT_RETURN_TYPE = YES_ERROR;
				GCC_WARN_UNDECLARED_SELECTOR = YES;
				GCC_WARN_UNINITIALIZED_AUTOS = YES_AGGRESSIVE;
				GCC_WARN_UNUSED_FUNCTION = YES;
				GCC_WARN_UNUSED_VARIABLE = YES;
				IPHONEOS_DEPLOYMENT_TARGET = 13.4;
				MTL_ENABLE_DEBUG_INFO = NO;
				MTL_FAST_MATH = YES;
				SDKROOT = iphoneos;
				SWIFT_COMPILATION_MODE = wholemodule;
				SWIFT_OPTIMIZATION_LEVEL = "-O";
				VALIDATE_PRODUCT = YES;
			};
			name = Release;
		};
		BE49F1B12461F07E00D3661F /* Debug */ = {
			isa = XCBuildConfiguration;
			buildSettings = {
				ASSETCATALOG_COMPILER_APPICON_NAME = AppIcon;
				CODE_SIGN_STYLE = Automatic;
				DEVELOPMENT_TEAM = ETE87474CU;
				INFOPLIST_FILE = KaraokeBrowser/Info.plist;
				LD_RUNPATH_SEARCH_PATHS = (
					"$(inherited)",
					"@executable_path/Frameworks",
				);
				PRODUCT_BUNDLE_IDENTIFIER = com.wcl.karaokeBrowser.KaraokeBrowser;
				PRODUCT_NAME = "$(TARGET_NAME)";
				SWIFT_VERSION = 5.0;
				TARGETED_DEVICE_FAMILY = "1,2";
			};
			name = Debug;
		};
		BE49F1B22461F07E00D3661F /* Release */ = {
			isa = XCBuildConfiguration;
			buildSettings = {
				ASSETCATALOG_COMPILER_APPICON_NAME = AppIcon;
				CODE_SIGN_STYLE = Automatic;
				DEVELOPMENT_TEAM = ETE87474CU;
				INFOPLIST_FILE = KaraokeBrowser/Info.plist;
				LD_RUNPATH_SEARCH_PATHS = (
					"$(inherited)",
					"@executable_path/Frameworks",
				);
				PRODUCT_BUNDLE_IDENTIFIER = com.wcl.karaokeBrowser.KaraokeBrowser;
				PRODUCT_NAME = "$(TARGET_NAME)";
				SWIFT_VERSION = 5.0;
				TARGETED_DEVICE_FAMILY = "1,2";
			};
			name = Release;
		};
/* End XCBuildConfiguration section */

/* Begin XCConfigurationList section */
		BE49F1972461F07C00D3661F /* Build configuration list for PBXProject "KaraokeBrowser" */ = {
			isa = XCConfigurationList;
			buildConfigurations = (
				BE49F1AE2461F07E00D3661F /* Debug */,
				BE49F1AF2461F07E00D3661F /* Release */,
			);
			defaultConfigurationIsVisible = 0;
			defaultConfigurationName = Release;
		};
		BE49F1B02461F07E00D3661F /* Build configuration list for PBXNativeTarget "KaraokeBrowser" */ = {
			isa = XCConfigurationList;
			buildConfigurations = (
				BE49F1B12461F07E00D3661F /* Debug */,
				BE49F1B22461F07E00D3661F /* Release */,
			);
			defaultConfigurationIsVisible = 0;
			defaultConfigurationName = Release;
		};
/* End XCConfigurationList section */
	};
	rootObject = BE49F1942461F07C00D3661F /* Project object */;
}
